
Microsoft Visual Studio Solution File, Format Version 12.00
# Visual Studio Version 16
VisualStudioVersion = 16.0.28803.202
MinimumVisualStudioVersion = 10.0.40219.1
Project("{FAE04EC0-301F-11D3-BF4B-00C04F79EFBC}") = "Composition", "Composition\Composition.csproj", "{16CA8FEB-0DFB-4D1D-8D45-4E8336F6B252}"
EndProject
Global
	GlobalSection(SolutionConfigurationPlatforms) = preSolution
		Debug|Any CPU = Debug|Any CPU
		Release|Any CPU = Release|Any CPU
	EndGlobalSection
	GlobalSection(ProjectConfigurationPlatforms) = postSolution
		{16CA8FEB-0DFB-4D1D-8D45-4E8336F6B252}.Debug|Any CPU.ActiveCfg = Debug|Any CPU
		{16CA8FEB-0DFB-4D1D-8D45-4E8336F6B252}.Debug|Any CPU.Build.0 = Debug|Any CPU
		{16CA8FEB-0DFB-4D1D-8D45-4E8336F6B252}.Release|Any CPU.ActiveCfg = Release|Any CPU
		{16CA8FEB-0DFB-4D1D-8D45-4E8336F6B252}.Release|Any CPU.Build.0 = Release|Any CPU
	EndGlobalSection
	GlobalSection(SolutionProperties) = preSolution
		HideSolutionNode = FALSE
	EndGlobalSection
	GlobalSection(ExtensibilityGlobals) = postSolution
		SolutionGuid = {CDC84632-00BA-435E-BA15-742EC7DB74DA}
	EndGlobalSection
EndGlobal
